
Microsoft Visual Studio Solution File, Format Version 12.00
# Visual Studio 15
VisualStudioVersion = 15.0.26730.12
MinimumVisualStudioVersion = 10.0.40219.1
Project("{FAE04EC0-301F-11D3-BF4B-00C04F79EFBC}") = "DataGrid.DragDrop.SampleProblem", "DataGrid.DragDrop.SampleProblem\DataGrid.DragDrop.SampleProblem.csproj", "{2A938A50-EA6B-49CD-B0B4-C91262B7AF1C}"
EndProject
Global
	GlobalSection(SolutionConfigurationPlatforms) = preSolution
		Debug|Any CPU = Debug|Any CPU
		Release|Any CPU = Release|Any CPU
	EndGlobalSection
	GlobalSection(ProjectConfigurationPlatforms) = postSolution
		{2A938A50-EA6B-49CD-B0B4-C91262B7AF1C}.Debug|Any CPU.ActiveCfg = Debug|Any CPU
		{2A938A50-EA6B-49CD-B0B4-C91262B7AF1C}.Debug|Any CPU.Build.0 = Debug|Any CPU
		{2A938A50-EA6B-49CD-B0B4-C91262B7AF1C}.Release|Any CPU.ActiveCfg = Release|Any CPU
		{2A938A50-EA6B-49CD-B0B4-C91262B7AF1C}.Release|Any CPU.Build.0 = Release|Any CPU
	EndGlobalSection
	GlobalSection(SolutionProperties) = preSolution
		HideSolutionNode = FALSE
	EndGlobalSection
	GlobalSection(ExtensibilityGlobals) = postSolution
		SolutionGuid = {DC147525-5469-40AA-B198-C1936B505E99}
	EndGlobalSection
EndGlobal
